
Microsoft Visual Studio Solution File, Format Version 12.00
# Visual Studio 15
VisualStudioVersion = 15.0.27703.2047
MinimumVisualStudioVersion = 10.0.40219.1
Project("{FAE04EC0-301F-11D3-BF4B-00C04F79EFBC}") = "FightSabers", "FightSabers\FightSabers.csproj", "{5B3017F6-7C5C-4301-82CA-7A2D95C94824}"
EndProject
Global
	GlobalSection(SolutionConfigurationPlatforms) = preSolution
		Debug|Any CPU = Debug|Any CPU
		Release|Any CPU = Release|Any CPU
	EndGlobalSection
	GlobalSection(ProjectConfigurationPlatforms) = postSolution
		{5B3017F6-7C5C-4301-82CA-7A2D95C94824}.Debug|Any CPU.ActiveCfg = Debug|Any CPU
		{5B3017F6-7C5C-4301-82CA-7A2D95C94824}.Debug|Any CPU.Build.0 = Debug|Any CPU
		{5B3017F6-7C5C-4301-82CA-7A2D95C94824}.Release|Any CPU.ActiveCfg = Release|Any CPU
		{5B3017F6-7C5C-4301-82CA-7A2D95C94824}.Release|Any CPU.Build.0 = Release|Any CPU
	EndGlobalSection
	GlobalSection(SolutionProperties) = preSolution
		HideSolutionNode = FALSE
	EndGlobalSection
	GlobalSection(ExtensibilityGlobals) = postSolution
		SolutionGuid = {2CEA64FA-9737-4BB8-B2E2-5D15B39C2D3E}
	EndGlobalSection
EndGlobal
